
Microsoft Visual Studio Solution File, Format Version 12.00
# Visual Studio Version 16
VisualStudioVersion = 16.0.29123.88
MinimumVisualStudioVersion = 10.0.40219.1
Project("{FAE04EC0-301F-11D3-BF4B-00C04F79EFBC}") = "Download mangas", "Download mangas\Download mangas.csproj", "{62CB5463-6752-4E38-A5B5-4B68FAB3F2AB}"
EndProject
Project("{FAE04EC0-301F-11D3-BF4B-00C04F79EFBC}") = "MangasScraper", "MangasScraper\MangasScraper.csproj", "{7811A189-78E3-4955-9C60-1DE5B1B9F519}"
EndProject
Project("{9A19103F-16F7-4668-BE54-9A1E7A4F7556}") = "WebScrap_Union", "WebScrap_Union\WebScrap_Union.csproj", "{A8ECFE38-9B05-4C0A-88A4-50E2C55D33D5}"
EndProject
Project("{FAE04EC0-301F-11D3-BF4B-00C04F79EFBC}") = "EmailEnvio", "EmailEnvio\EmailEnvio.csproj", "{4728AC72-9E68-4743-9A05-8AFCE8B8A086}"
EndProject
Project("{FAE04EC0-301F-11D3-BF4B-00C04F79EFBC}") = "Trigger", "Trigger\Trigger.csproj", "{3B40FE4C-5ABE-485C-8B0E-EE3173913C48}"
EndProject
Global
	GlobalSection(SolutionConfigurationPlatforms) = preSolution
		Debug|Any CPU = Debug|Any CPU
		Release|Any CPU = Release|Any CPU
	EndGlobalSection
	GlobalSection(ProjectConfigurationPlatforms) = postSolution
		{62CB5463-6752-4E38-A5B5-4B68FAB3F2AB}.Debug|Any CPU.ActiveCfg = Debug|Any CPU
		{62CB5463-6752-4E38-A5B5-4B68FAB3F2AB}.Debug|Any CPU.Build.0 = Debug|Any CPU
		{62CB5463-6752-4E38-A5B5-4B68FAB3F2AB}.Release|Any CPU.ActiveCfg = Release|Any CPU
		{62CB5463-6752-4E38-A5B5-4B68FAB3F2AB}.Release|Any CPU.Build.0 = Release|Any CPU
		{7811A189-78E3-4955-9C60-1DE5B1B9F519}.Debug|Any CPU.ActiveCfg = Debug|Any CPU
		{7811A189-78E3-4955-9C60-1DE5B1B9F519}.Debug|Any CPU.Build.0 = Debug|Any CPU
		{7811A189-78E3-4955-9C60-1DE5B1B9F519}.Release|Any CPU.ActiveCfg = Release|Any CPU
		{7811A189-78E3-4955-9C60-1DE5B1B9F519}.Release|Any CPU.Build.0 = Release|Any CPU
		{A8ECFE38-9B05-4C0A-88A4-50E2C55D33D5}.Debug|Any CPU.ActiveCfg = Debug|Any CPU
		{A8ECFE38-9B05-4C0A-88A4-50E2C55D33D5}.Debug|Any CPU.Build.0 = Debug|Any CPU
		{A8ECFE38-9B05-4C0A-88A4-50E2C55D33D5}.Release|Any CPU.ActiveCfg = Release|Any CPU
		{A8ECFE38-9B05-4C0A-88A4-50E2C55D33D5}.Release|Any CPU.Build.0 = Release|Any CPU
		{4728AC72-9E68-4743-9A05-8AFCE8B8A086}.Debug|Any CPU.ActiveCfg = Debug|Any CPU
		{4728AC72-9E68-4743-9A05-8AFCE8B8A086}.Debug|Any CPU.Build.0 = Debug|Any CPU
		{4728AC72-9E68-4743-9A05-8AFCE8B8A086}.Release|Any CPU.ActiveCfg = Release|Any CPU
		{4728AC72-9E68-4743-9A05-8AFCE8B8A086}.Release|Any CPU.Build.0 = Release|Any CPU
		{3B40FE4C-5ABE-485C-8B0E-EE3173913C48}.Debug|Any CPU.ActiveCfg = Debug|Any CPU
		{3B40FE4C-5ABE-485C-8B0E-EE3173913C48}.Debug|Any CPU.Build.0 = Debug|Any CPU
		{3B40FE4C-5ABE-485C-8B0E-EE3173913C48}.Release|Any CPU.ActiveCfg = Release|Any CPU
		{3B40FE4C-5ABE-485C-8B0E-EE3173913C48}.Release|Any CPU.Build.0 = Release|Any CPU
	EndGlobalSection
	GlobalSection(SolutionProperties) = preSolution
		HideSolutionNode = FALSE
	EndGlobalSection
	GlobalSection(ExtensibilityGlobals) = postSolution
		SolutionGuid = {C33759A7-3245-49A7-8644-CAA1B9CC466E}
	EndGlobalSection
EndGlobal
