
Microsoft Visual Studio Solution File, Format Version 12.00
# Visual Studio Version 16
VisualStudioVersion = 16.0.29123.88
MinimumVisualStudioVersion = 10.0.40219.1
Project("{FAE04EC0-301F-11D3-BF4B-00C04F79EFBC}") = "DBModel", "DBModel\DBModel.csproj", "{34A15E12-37C5-4167-967B-E7D561C4C9E9}"
EndProject
Project("{FAE04EC0-301F-11D3-BF4B-00C04F79EFBC}") = "WebScraper_Union", "WebScraper_Union\WebScraper_Union.csproj", "{D8591BE9-C888-4481-93FC-7F4EF70928DB}"
EndProject
Project("{FAE04EC0-301F-11D3-BF4B-00C04F79EFBC}") = "Trigger_search", "Trigger_search\Trigger_search.csproj", "{F15359E2-9808-46BA-A355-A9449E2B9DDD}"
EndProject
Project("{FAE04EC0-301F-11D3-BF4B-00C04F79EFBC}") = "EmailEnvio", "EmailEnvio\EmailEnvio.csproj", "{CA19CC65-F40E-48B3-AE73-0CBA29C95D1B}"
EndProject
Project("{FAE04EC0-301F-11D3-BF4B-00C04F79EFBC}") = "WebScrapper_MangaHost", "WebScrapper_MangaHost\WebScrapper_MangaHost.csproj", "{0FD12FFD-88AA-4307-8D4F-1A65D005CEE8}"
EndProject
Project("{FAE04EC0-301F-11D3-BF4B-00C04F79EFBC}") = "WebScrapper_MangaLivre", "WebScrapper_MangaLivre\WebScrapper_MangaLivre.csproj", "{C98FEF37-5AF1-4D71-9DCF-C3963A1FD183}"
EndProject
Project("{9A19103F-16F7-4668-BE54-9A1E7A4F7556}") = "MergeTIFF", "..\MergeTIFF-master\MergeTIFF.csproj", "{B0EEE5EE-CC1D-4380-9E09-C69DE26AF8EF}"
EndProject
Project("{FAE04EC0-301F-11D3-BF4B-00C04F79EFBC}") = "TiffMerge", "TiffMerge\TiffMerge.csproj", "{C59A243E-59A3-48BA-9C07-3BCBCD645BFA}"
EndProject
Project("{FAE04EC0-301F-11D3-BF4B-00C04F79EFBC}") = "WebScraper_Mangakakarot", "WebScraper_Mangakakarot\WebScraper_Mangakakarot.csproj", "{9424B3D3-5289-4116-8446-91CD39248A20}"
EndProject
Project("{FAE04EC0-301F-11D3-BF4B-00C04F79EFBC}") = "GetFunctions", "GetFunctions\GetFunctions.csproj", "{C3F40B31-13F0-4757-94A6-808C21E62A81}"
EndProject
Global
	GlobalSection(SolutionConfigurationPlatforms) = preSolution
		Debug|Any CPU = Debug|Any CPU
		Debug|Compact = Debug|Compact
		MailSystem Dev|Any CPU = MailSystem Dev|Any CPU
		MailSystem Dev|Compact = MailSystem Dev|Compact
		Release|Any CPU = Release|Any CPU
		Release|Compact = Release|Compact
		Retail|Any CPU = Retail|Any CPU
		Retail|Compact = Retail|Compact
		Trial|Any CPU = Trial|Any CPU
		Trial|Compact = Trial|Compact
	EndGlobalSection
	GlobalSection(ProjectConfigurationPlatforms) = postSolution
		{34A15E12-37C5-4167-967B-E7D561C4C9E9}.Debug|Any CPU.ActiveCfg = Debug|Any CPU
		{34A15E12-37C5-4167-967B-E7D561C4C9E9}.Debug|Any CPU.Build.0 = Debug|Any CPU
		{34A15E12-37C5-4167-967B-E7D561C4C9E9}.Debug|Compact.ActiveCfg = Debug|Any CPU
		{34A15E12-37C5-4167-967B-E7D561C4C9E9}.Debug|Compact.Build.0 = Debug|Any CPU
		{34A15E12-37C5-4167-967B-E7D561C4C9E9}.MailSystem Dev|Any CPU.ActiveCfg = Release|Any CPU
		{34A15E12-37C5-4167-967B-E7D561C4C9E9}.MailSystem Dev|Any CPU.Build.0 = Release|Any CPU
		{34A15E12-37C5-4167-967B-E7D561C4C9E9}.MailSystem Dev|Compact.ActiveCfg = Release|Any CPU
		{34A15E12-37C5-4167-967B-E7D561C4C9E9}.MailSystem Dev|Compact.Build.0 = Release|Any CPU
		{34A15E12-37C5-4167-967B-E7D561C4C9E9}.Release|Any CPU.ActiveCfg = Release|Any CPU
		{34A15E12-37C5-4167-967B-E7D561C4C9E9}.Release|Any CPU.Build.0 = Release|Any CPU
		{34A15E12-37C5-4167-967B-E7D561C4C9E9}.Release|Compact.ActiveCfg = Release|Any CPU
		{34A15E12-37C5-4167-967B-E7D561C4C9E9}.Release|Compact.Build.0 = Release|Any CPU
		{34A15E12-37C5-4167-967B-E7D561C4C9E9}.Retail|Any CPU.ActiveCfg = Release|Any CPU
		{34A15E12-37C5-4167-967B-E7D561C4C9E9}.Retail|Any CPU.Build.0 = Release|Any CPU
		{34A15E12-37C5-4167-967B-E7D561C4C9E9}.Retail|Compact.ActiveCfg = Release|Any CPU
		{34A15E12-37C5-4167-967B-E7D561C4C9E9}.Retail|Compact.Build.0 = Release|Any CPU
		{34A15E12-37C5-4167-967B-E7D561C4C9E9}.Trial|Any CPU.ActiveCfg = Release|Any CPU
		{34A15E12-37C5-4167-967B-E7D561C4C9E9}.Trial|Any CPU.Build.0 = Release|Any CPU
		{34A15E12-37C5-4167-967B-E7D561C4C9E9}.Trial|Compact.ActiveCfg = Release|Any CPU
		{34A15E12-37C5-4167-967B-E7D561C4C9E9}.Trial|Compact.Build.0 = Release|Any CPU
		{D8591BE9-C888-4481-93FC-7F4EF70928DB}.Debug|Any CPU.ActiveCfg = Debug|Any CPU
		{D8591BE9-C888-4481-93FC-7F4EF70928DB}.Debug|Any CPU.Build.0 = Debug|Any CPU
		{D8591BE9-C888-4481-93FC-7F4EF70928DB}.Debug|Compact.ActiveCfg = Debug|Any CPU
		{D8591BE9-C888-4481-93FC-7F4EF70928DB}.Debug|Compact.Build.0 = Debug|Any CPU
		{D8591BE9-C888-4481-93FC-7F4EF70928DB}.MailSystem Dev|Any CPU.ActiveCfg = Release|Any CPU
		{D8591BE9-C888-4481-93FC-7F4EF70928DB}.MailSystem Dev|Any CPU.Build.0 = Release|Any CPU
		{D8591BE9-C888-4481-93FC-7F4EF70928DB}.MailSystem Dev|Compact.ActiveCfg = Release|Any CPU
		{D8591BE9-C888-4481-93FC-7F4EF70928DB}.MailSystem Dev|Compact.Build.0 = Release|Any CPU
		{D8591BE9-C888-4481-93FC-7F4EF70928DB}.Release|Any CPU.ActiveCfg = Release|Any CPU
		{D8591BE9-C888-4481-93FC-7F4EF70928DB}.Release|Any CPU.Build.0 = Release|Any CPU
		{D8591BE9-C888-4481-93FC-7F4EF70928DB}.Release|Compact.ActiveCfg = Release|Any CPU
		{D8591BE9-C888-4481-93FC-7F4EF70928DB}.Release|Compact.Build.0 = Release|Any CPU
		{D8591BE9-C888-4481-93FC-7F4EF70928DB}.Retail|Any CPU.ActiveCfg = Release|Any CPU
		{D8591BE9-C888-4481-93FC-7F4EF70928DB}.Retail|Any CPU.Build.0 = Release|Any CPU
		{D8591BE9-C888-4481-93FC-7F4EF70928DB}.Retail|Compact.ActiveCfg = Release|Any CPU
		{D8591BE9-C888-4481-93FC-7F4EF70928DB}.Retail|Compact.Build.0 = Release|Any CPU
		{D8591BE9-C888-4481-93FC-7F4EF70928DB}.Trial|Any CPU.ActiveCfg = Release|Any CPU
		{D8591BE9-C888-4481-93FC-7F4EF70928DB}.Trial|Any CPU.Build.0 = Release|Any CPU
		{D8591BE9-C888-4481-93FC-7F4EF70928DB}.Trial|Compact.ActiveCfg = Release|Any CPU
		{D8591BE9-C888-4481-93FC-7F4EF70928DB}.Trial|Compact.Build.0 = Release|Any CPU
		{F15359E2-9808-46BA-A355-A9449E2B9DDD}.Debug|Any CPU.ActiveCfg = Debug|Any CPU
		{F15359E2-9808-46BA-A355-A9449E2B9DDD}.Debug|Any CPU.Build.0 = Debug|Any CPU
		{F15359E2-9808-46BA-A355-A9449E2B9DDD}.Debug|Compact.ActiveCfg = Debug|Any CPU
		{F15359E2-9808-46BA-A355-A9449E2B9DDD}.Debug|Compact.Build.0 = Debug|Any CPU
		{F15359E2-9808-46BA-A355-A9449E2B9DDD}.MailSystem Dev|Any CPU.ActiveCfg = Release|Any CPU
		{F15359E2-9808-46BA-A355-A9449E2B9DDD}.MailSystem Dev|Any CPU.Build.0 = Release|Any CPU
		{F15359E2-9808-46BA-A355-A9449E2B9DDD}.MailSystem Dev|Compact.ActiveCfg = Release|Any CPU
		{F15359E2-9808-46BA-A355-A9449E2B9DDD}.MailSystem Dev|Compact.Build.0 = Release|Any CPU
		{F15359E2-9808-46BA-A355-A9449E2B9DDD}.Release|Any CPU.ActiveCfg = Release|Any CPU
		{F15359E2-9808-46BA-A355-A9449E2B9DDD}.Release|Any CPU.Build.0 = Release|Any CPU
		{F15359E2-9808-46BA-A355-A9449E2B9DDD}.Release|Compact.ActiveCfg = Release|Any CPU
		{F15359E2-9808-46BA-A355-A9449E2B9DDD}.Release|Compact.Build.0 = Release|Any CPU
		{F15359E2-9808-46BA-A355-A9449E2B9DDD}.Retail|Any CPU.ActiveCfg = Release|Any CPU
		{F15359E2-9808-46BA-A355-A9449E2B9DDD}.Retail|Any CPU.Build.0 = Release|Any CPU
		{F15359E2-9808-46BA-A355-A9449E2B9DDD}.Retail|Compact.ActiveCfg = Release|Any CPU
		{F15359E2-9808-46BA-A355-A9449E2B9DDD}.Retail|Compact.Build.0 = Release|Any CPU
		{F15359E2-9808-46BA-A355-A9449E2B9DDD}.Trial|Any CPU.ActiveCfg = Release|Any CPU
		{F15359E2-9808-46BA-A355-A9449E2B9DDD}.Trial|Any CPU.Build.0 = Release|Any CPU
		{F15359E2-9808-46BA-A355-A9449E2B9DDD}.Trial|Compact.ActiveCfg = Release|Any CPU
		{F15359E2-9808-46BA-A355-A9449E2B9DDD}.Trial|Compact.Build.0 = Release|Any CPU
		{CA19CC65-F40E-48B3-AE73-0CBA29C95D1B}.Debug|Any CPU.ActiveCfg = Debug|Any CPU
		{CA19CC65-F40E-48B3-AE73-0CBA29C95D1B}.Debug|Any CPU.Build.0 = Debug|Any CPU
		{CA19CC65-F40E-48B3-AE73-0CBA29C95D1B}.Debug|Compact.ActiveCfg = Debug|Any CPU
		{CA19CC65-F40E-48B3-AE73-0CBA29C95D1B}.Debug|Compact.Build.0 = Debug|Any CPU
		{CA19CC65-F40E-48B3-AE73-0CBA29C95D1B}.MailSystem Dev|Any CPU.ActiveCfg = Release|Any CPU
		{CA19CC65-F40E-48B3-AE73-0CBA29C95D1B}.MailSystem Dev|Any CPU.Build.0 = Release|Any CPU
		{CA19CC65-F40E-48B3-AE73-0CBA29C95D1B}.MailSystem Dev|Compact.ActiveCfg = Release|Any CPU
		{CA19CC65-F40E-48B3-AE73-0CBA29C95D1B}.MailSystem Dev|Compact.Build.0 = Release|Any CPU
		{CA19CC65-F40E-48B3-AE73-0CBA29C95D1B}.Release|Any CPU.ActiveCfg = Release|Any CPU
		{CA19CC65-F40E-48B3-AE73-0CBA29C95D1B}.Release|Any CPU.Build.0 = Release|Any CPU
		{CA19CC65-F40E-48B3-AE73-0CBA29C95D1B}.Release|Compact.ActiveCfg = Release|Any CPU
		{CA19CC65-F40E-48B3-AE73-0CBA29C95D1B}.Release|Compact.Build.0 = Release|Any CPU
		{CA19CC65-F40E-48B3-AE73-0CBA29C95D1B}.Retail|Any CPU.ActiveCfg = Release|Any CPU
		{CA19CC65-F40E-48B3-AE73-0CBA29C95D1B}.Retail|Any CPU.Build.0 = Release|Any CPU
		{CA19CC65-F40E-48B3-AE73-0CBA29C95D1B}.Retail|Compact.ActiveCfg = Release|Any CPU
		{CA19CC65-F40E-48B3-AE73-0CBA29C95D1B}.Retail|Compact.Build.0 = Release|Any CPU
		{CA19CC65-F40E-48B3-AE73-0CBA29C95D1B}.Trial|Any CPU.ActiveCfg = Release|Any CPU
		{CA19CC65-F40E-48B3-AE73-0CBA29C95D1B}.Trial|Any CPU.Build.0 = Release|Any CPU
		{CA19CC65-F40E-48B3-AE73-0CBA29C95D1B}.Trial|Compact.ActiveCfg = Release|Any CPU
		{CA19CC65-F40E-48B3-AE73-0CBA29C95D1B}.Trial|Compact.Build.0 = Release|Any CPU
		{0FD12FFD-88AA-4307-8D4F-1A65D005CEE8}.Debug|Any CPU.ActiveCfg = Debug|Any CPU
		{0FD12FFD-88AA-4307-8D4F-1A65D005CEE8}.Debug|Any CPU.Build.0 = Debug|Any CPU
		{0FD12FFD-88AA-4307-8D4F-1A65D005CEE8}.Debug|Compact.ActiveCfg = Debug|Any CPU
		{0FD12FFD-88AA-4307-8D4F-1A65D005CEE8}.Debug|Compact.Build.0 = Debug|Any CPU
		{0FD12FFD-88AA-4307-8D4F-1A65D005CEE8}.MailSystem Dev|Any CPU.ActiveCfg = Release|Any CPU
		{0FD12FFD-88AA-4307-8D4F-1A65D005CEE8}.MailSystem Dev|Any CPU.Build.0 = Release|Any CPU
		{0FD12FFD-88AA-4307-8D4F-1A65D005CEE8}.MailSystem Dev|Compact.ActiveCfg = Release|Any CPU
		{0FD12FFD-88AA-4307-8D4F-1A65D005CEE8}.MailSystem Dev|Compact.Build.0 = Release|Any CPU
		{0FD12FFD-88AA-4307-8D4F-1A65D005CEE8}.Release|Any CPU.ActiveCfg = Release|Any CPU
		{0FD12FFD-88AA-4307-8D4F-1A65D005CEE8}.Release|Any CPU.Build.0 = Release|Any CPU
		{0FD12FFD-88AA-4307-8D4F-1A65D005CEE8}.Release|Compact.ActiveCfg = Release|Any CPU
		{0FD12FFD-88AA-4307-8D4F-1A65D005CEE8}.Release|Compact.Build.0 = Release|Any CPU
		{0FD12FFD-88AA-4307-8D4F-1A65D005CEE8}.Retail|Any CPU.ActiveCfg = Release|Any CPU
		{0FD12FFD-88AA-4307-8D4F-1A65D005CEE8}.Retail|Any CPU.Build.0 = Release|Any CPU
		{0FD12FFD-88AA-4307-8D4F-1A65D005CEE8}.Retail|Compact.ActiveCfg = Release|Any CPU
		{0FD12FFD-88AA-4307-8D4F-1A65D005CEE8}.Retail|Compact.Build.0 = Release|Any CPU
		{0FD12FFD-88AA-4307-8D4F-1A65D005CEE8}.Trial|Any CPU.ActiveCfg = Release|Any CPU
		{0FD12FFD-88AA-4307-8D4F-1A65D005CEE8}.Trial|Any CPU.Build.0 = Release|Any CPU
		{0FD12FFD-88AA-4307-8D4F-1A65D005CEE8}.Trial|Compact.ActiveCfg = Release|Any CPU
		{0FD12FFD-88AA-4307-8D4F-1A65D005CEE8}.Trial|Compact.Build.0 = Release|Any CPU
		{C98FEF37-5AF1-4D71-9DCF-C3963A1FD183}.Debug|Any CPU.ActiveCfg = Debug|Any CPU
		{C98FEF37-5AF1-4D71-9DCF-C3963A1FD183}.Debug|Any CPU.Build.0 = Debug|Any CPU
		{C98FEF37-5AF1-4D71-9DCF-C3963A1FD183}.Debug|Compact.ActiveCfg = Debug|Any CPU
		{C98FEF37-5AF1-4D71-9DCF-C3963A1FD183}.Debug|Compact.Build.0 = Debug|Any CPU
		{C98FEF37-5AF1-4D71-9DCF-C3963A1FD183}.MailSystem Dev|Any CPU.ActiveCfg = Release|Any CPU
		{C98FEF37-5AF1-4D71-9DCF-C3963A1FD183}.MailSystem Dev|Any CPU.Build.0 = Release|Any CPU
		{C98FEF37-5AF1-4D71-9DCF-C3963A1FD183}.MailSystem Dev|Compact.ActiveCfg = Release|Any CPU
		{C98FEF37-5AF1-4D71-9DCF-C3963A1FD183}.MailSystem Dev|Compact.Build.0 = Release|Any CPU
		{C98FEF37-5AF1-4D71-9DCF-C3963A1FD183}.Release|Any CPU.ActiveCfg = Release|Any CPU
		{C98FEF37-5AF1-4D71-9DCF-C3963A1FD183}.Release|Any CPU.Build.0 = Release|Any CPU
		{C98FEF37-5AF1-4D71-9DCF-C3963A1FD183}.Release|Compact.ActiveCfg = Release|Any CPU
		{C98FEF37-5AF1-4D71-9DCF-C3963A1FD183}.Release|Compact.Build.0 = Release|Any CPU
		{C98FEF37-5AF1-4D71-9DCF-C3963A1FD183}.Retail|Any CPU.ActiveCfg = Release|Any CPU
		{C98FEF37-5AF1-4D71-9DCF-C3963A1FD183}.Retail|Any CPU.Build.0 = Release|Any CPU
		{C98FEF37-5AF1-4D71-9DCF-C3963A1FD183}.Retail|Compact.ActiveCfg = Release|Any CPU
		{C98FEF37-5AF1-4D71-9DCF-C3963A1FD183}.Retail|Compact.Build.0 = Release|Any CPU
		{C98FEF37-5AF1-4D71-9DCF-C3963A1FD183}.Trial|Any CPU.ActiveCfg = Release|Any CPU
		{C98FEF37-5AF1-4D71-9DCF-C3963A1FD183}.Trial|Any CPU.Build.0 = Release|Any CPU
		{C98FEF37-5AF1-4D71-9DCF-C3963A1FD183}.Trial|Compact.ActiveCfg = Release|Any CPU
		{C98FEF37-5AF1-4D71-9DCF-C3963A1FD183}.Trial|Compact.Build.0 = Release|Any CPU
		{B0EEE5EE-CC1D-4380-9E09-C69DE26AF8EF}.Debug|Any CPU.ActiveCfg = Debug|Any CPU
		{B0EEE5EE-CC1D-4380-9E09-C69DE26AF8EF}.Debug|Any CPU.Build.0 = Debug|Any CPU
		{B0EEE5EE-CC1D-4380-9E09-C69DE26AF8EF}.Debug|Compact.ActiveCfg = Debug|Any CPU
		{B0EEE5EE-CC1D-4380-9E09-C69DE26AF8EF}.Debug|Compact.Build.0 = Debug|Any CPU
		{B0EEE5EE-CC1D-4380-9E09-C69DE26AF8EF}.MailSystem Dev|Any CPU.ActiveCfg = Release|Any CPU
		{B0EEE5EE-CC1D-4380-9E09-C69DE26AF8EF}.MailSystem Dev|Any CPU.Build.0 = Release|Any CPU
		{B0EEE5EE-CC1D-4380-9E09-C69DE26AF8EF}.MailSystem Dev|Compact.ActiveCfg = Release|Any CPU
		{B0EEE5EE-CC1D-4380-9E09-C69DE26AF8EF}.MailSystem Dev|Compact.Build.0 = Release|Any CPU
		{B0EEE5EE-CC1D-4380-9E09-C69DE26AF8EF}.Release|Any CPU.ActiveCfg = Release|Any CPU
		{B0EEE5EE-CC1D-4380-9E09-C69DE26AF8EF}.Release|Any CPU.Build.0 = Release|Any CPU
		{B0EEE5EE-CC1D-4380-9E09-C69DE26AF8EF}.Release|Compact.ActiveCfg = Release|Any CPU
		{B0EEE5EE-CC1D-4380-9E09-C69DE26AF8EF}.Release|Compact.Build.0 = Release|Any CPU
		{B0EEE5EE-CC1D-4380-9E09-C69DE26AF8EF}.Retail|Any CPU.ActiveCfg = Release|Any CPU
		{B0EEE5EE-CC1D-4380-9E09-C69DE26AF8EF}.Retail|Any CPU.Build.0 = Release|Any CPU
		{B0EEE5EE-CC1D-4380-9E09-C69DE26AF8EF}.Retail|Compact.ActiveCfg = Release|Any CPU
		{B0EEE5EE-CC1D-4380-9E09-C69DE26AF8EF}.Retail|Compact.Build.0 = Release|Any CPU
		{B0EEE5EE-CC1D-4380-9E09-C69DE26AF8EF}.Trial|Any CPU.ActiveCfg = Release|Any CPU
		{B0EEE5EE-CC1D-4380-9E09-C69DE26AF8EF}.Trial|Any CPU.Build.0 = Release|Any CPU
		{B0EEE5EE-CC1D-4380-9E09-C69DE26AF8EF}.Trial|Compact.ActiveCfg = Release|Any CPU
		{B0EEE5EE-CC1D-4380-9E09-C69DE26AF8EF}.Trial|Compact.Build.0 = Release|Any CPU
		{C59A243E-59A3-48BA-9C07-3BCBCD645BFA}.Debug|Any CPU.ActiveCfg = Debug|Any CPU
		{C59A243E-59A3-48BA-9C07-3BCBCD645BFA}.Debug|Any CPU.Build.0 = Debug|Any CPU
		{C59A243E-59A3-48BA-9C07-3BCBCD645BFA}.Debug|Compact.ActiveCfg = Debug|Any CPU
		{C59A243E-59A3-48BA-9C07-3BCBCD645BFA}.Debug|Compact.Build.0 = Debug|Any CPU
		{C59A243E-59A3-48BA-9C07-3BCBCD645BFA}.MailSystem Dev|Any CPU.ActiveCfg = Release|Any CPU
		{C59A243E-59A3-48BA-9C07-3BCBCD645BFA}.MailSystem Dev|Any CPU.Build.0 = Release|Any CPU
		{C59A243E-59A3-48BA-9C07-3BCBCD645BFA}.MailSystem Dev|Compact.ActiveCfg = Release|Any CPU
		{C59A243E-59A3-48BA-9C07-3BCBCD645BFA}.MailSystem Dev|Compact.Build.0 = Release|Any CPU
		{C59A243E-59A3-48BA-9C07-3BCBCD645BFA}.Release|Any CPU.ActiveCfg = Release|Any CPU
		{C59A243E-59A3-48BA-9C07-3BCBCD645BFA}.Release|Any CPU.Build.0 = Release|Any CPU
		{C59A243E-59A3-48BA-9C07-3BCBCD645BFA}.Release|Compact.ActiveCfg = Release|Any CPU
		{C59A243E-59A3-48BA-9C07-3BCBCD645BFA}.Release|Compact.Build.0 = Release|Any CPU
		{C59A243E-59A3-48BA-9C07-3BCBCD645BFA}.Retail|Any CPU.ActiveCfg = Release|Any CPU
		{C59A243E-59A3-48BA-9C07-3BCBCD645BFA}.Retail|Any CPU.Build.0 = Release|Any CPU
		{C59A243E-59A3-48BA-9C07-3BCBCD645BFA}.Retail|Compact.ActiveCfg = Release|Any CPU
		{C59A243E-59A3-48BA-9C07-3BCBCD645BFA}.Retail|Compact.Build.0 = Release|Any CPU
		{C59A243E-59A3-48BA-9C07-3BCBCD645BFA}.Trial|Any CPU.ActiveCfg = Release|Any CPU
		{C59A243E-59A3-48BA-9C07-3BCBCD645BFA}.Trial|Any CPU.Build.0 = Release|Any CPU
		{C59A243E-59A3-48BA-9C07-3BCBCD645BFA}.Trial|Compact.ActiveCfg = Release|Any CPU
		{C59A243E-59A3-48BA-9C07-3BCBCD645BFA}.Trial|Compact.Build.0 = Release|Any CPU
		{9424B3D3-5289-4116-8446-91CD39248A20}.Debug|Any CPU.ActiveCfg = Debug|Any CPU
		{9424B3D3-5289-4116-8446-91CD39248A20}.Debug|Any CPU.Build.0 = Debug|Any CPU
		{9424B3D3-5289-4116-8446-91CD39248A20}.Debug|Compact.ActiveCfg = Debug|Any CPU
		{9424B3D3-5289-4116-8446-91CD39248A20}.Debug|Compact.Build.0 = Debug|Any CPU
		{9424B3D3-5289-4116-8446-91CD39248A20}.MailSystem Dev|Any CPU.ActiveCfg = Release|Any CPU
		{9424B3D3-5289-4116-8446-91CD39248A20}.MailSystem Dev|Any CPU.Build.0 = Release|Any CPU
		{9424B3D3-5289-4116-8446-91CD39248A20}.MailSystem Dev|Compact.ActiveCfg = Release|Any CPU
		{9424B3D3-5289-4116-8446-91CD39248A20}.MailSystem Dev|Compact.Build.0 = Release|Any CPU
		{9424B3D3-5289-4116-8446-91CD39248A20}.Release|Any CPU.ActiveCfg = Release|Any CPU
		{9424B3D3-5289-4116-8446-91CD39248A20}.Release|Any CPU.Build.0 = Release|Any CPU
		{9424B3D3-5289-4116-8446-91CD39248A20}.Release|Compact.ActiveCfg = Release|Any CPU
		{9424B3D3-5289-4116-8446-91CD39248A20}.Release|Compact.Build.0 = Release|Any CPU
		{9424B3D3-5289-4116-8446-91CD39248A20}.Retail|Any CPU.ActiveCfg = Release|Any CPU
		{9424B3D3-5289-4116-8446-91CD39248A20}.Retail|Any CPU.Build.0 = Release|Any CPU
		{9424B3D3-5289-4116-8446-91CD39248A20}.Retail|Compact.ActiveCfg = Release|Any CPU
		{9424B3D3-5289-4116-8446-91CD39248A20}.Retail|Compact.Build.0 = Release|Any CPU
		{9424B3D3-5289-4116-8446-91CD39248A20}.Trial|Any CPU.ActiveCfg = Release|Any CPU
		{9424B3D3-5289-4116-8446-91CD39248A20}.Trial|Any CPU.Build.0 = Release|Any CPU
		{9424B3D3-5289-4116-8446-91CD39248A20}.Trial|Compact.ActiveCfg = Release|Any CPU
		{9424B3D3-5289-4116-8446-91CD39248A20}.Trial|Compact.Build.0 = Release|Any CPU
		{C3F40B31-13F0-4757-94A6-808C21E62A81}.Debug|Any CPU.ActiveCfg = Debug|Any CPU
		{C3F40B31-13F0-4757-94A6-808C21E62A81}.Debug|Any CPU.Build.0 = Debug|Any CPU
		{C3F40B31-13F0-4757-94A6-808C21E62A81}.Debug|Compact.ActiveCfg = Debug|Any CPU
		{C3F40B31-13F0-4757-94A6-808C21E62A81}.Debug|Compact.Build.0 = Debug|Any CPU
		{C3F40B31-13F0-4757-94A6-808C21E62A81}.MailSystem Dev|Any CPU.ActiveCfg = Release|Any CPU
		{C3F40B31-13F0-4757-94A6-808C21E62A81}.MailSystem Dev|Any CPU.Build.0 = Release|Any CPU
		{C3F40B31-13F0-4757-94A6-808C21E62A81}.MailSystem Dev|Compact.ActiveCfg = Release|Any CPU
		{C3F40B31-13F0-4757-94A6-808C21E62A81}.MailSystem Dev|Compact.Build.0 = Release|Any CPU
		{C3F40B31-13F0-4757-94A6-808C21E62A81}.Release|Any CPU.ActiveCfg = Release|Any CPU
		{C3F40B31-13F0-4757-94A6-808C21E62A81}.Release|Any CPU.Build.0 = Release|Any CPU
		{C3F40B31-13F0-4757-94A6-808C21E62A81}.Release|Compact.ActiveCfg = Release|Any CPU
		{C3F40B31-13F0-4757-94A6-808C21E62A81}.Release|Compact.Build.0 = Release|Any CPU
		{C3F40B31-13F0-4757-94A6-808C21E62A81}.Retail|Any CPU.ActiveCfg = Release|Any CPU
		{C3F40B31-13F0-4757-94A6-808C21E62A81}.Retail|Any CPU.Build.0 = Release|Any CPU
		{C3F40B31-13F0-4757-94A6-808C21E62A81}.Retail|Compact.ActiveCfg = Release|Any CPU
		{C3F40B31-13F0-4757-94A6-808C21E62A81}.Retail|Compact.Build.0 = Release|Any CPU
		{C3F40B31-13F0-4757-94A6-808C21E62A81}.Trial|Any CPU.ActiveCfg = Release|Any CPU
		{C3F40B31-13F0-4757-94A6-808C21E62A81}.Trial|Any CPU.Build.0 = Release|Any CPU
		{C3F40B31-13F0-4757-94A6-808C21E62A81}.Trial|Compact.ActiveCfg = Release|Any CPU
		{C3F40B31-13F0-4757-94A6-808C21E62A81}.Trial|Compact.Build.0 = Release|Any CPU
	EndGlobalSection
	GlobalSection(SolutionProperties) = preSolution
		HideSolutionNode = FALSE
	EndGlobalSection
	GlobalSection(ExtensibilityGlobals) = postSolution
		SolutionGuid = {C33759A7-3245-49A7-8644-CAA1B9CC466E}
	EndGlobalSection
EndGlobal
